Microsoft Visual Studio Solution File, Format Version 12.00
# Visual Studio Version 17
VisualStudioVersion = 17.5.2.0
MinimumVisualStudioVersion = 10.0.40219.1
Project("{FAE04EC0-301F-11D3-BF4B-00C04F79EFBC}") = "MongoTest", "Mongo-MVC\MongoTest.csproj", "{EB6496DD-96A8-4326-F125-127724686C79}"
EndProject
Project("{FAE04EC0-301F-11D3-BF4B-00C04F79EFBC}") = "MongoApi", "MongoApi\MongoApi.csproj", "{3D9FBB70-5DB3-9705-5D5D-47530C2F4D3C}"
EndProject
Global
	GlobalSection(SolutionConfigurationPlatforms) = preSolution
		Debug|Any CPU = Debug|Any CPU
		Release|Any CPU = Release|Any CPU
	EndGlobalSection
	GlobalSection(ProjectConfigurationPlatforms) = postSolution
		{EB6496DD-96A8-4326-F125-127724686C79}.Debug|Any CPU.ActiveCfg = Debug|Any CPU
		{EB6496DD-96A8-4326-F125-127724686C79}.Debug|Any CPU.Build.0 = Debug|Any CPU
		{EB6496DD-96A8-4326-F125-127724686C79}.Release|Any CPU.ActiveCfg = Release|Any CPU
		{EB6496DD-96A8-4326-F125-127724686C79}.Release|Any CPU.Build.0 = Release|Any CPU
		{3D9FBB70-5DB3-9705-5D5D-47530C2F4D3C}.Debug|Any CPU.ActiveCfg = Debug|Any CPU
		{3D9FBB70-5DB3-9705-5D5D-47530C2F4D3C}.Debug|Any CPU.Build.0 = Debug|Any CPU
		{3D9FBB70-5DB3-9705-5D5D-47530C2F4D3C}.Release|Any CPU.ActiveCfg = Release|Any CPU
		{3D9FBB70-5DB3-9705-5D5D-47530C2F4D3C}.Release|Any CPU.Build.0 = Release|Any CPU
	EndGlobalSection
	GlobalSection(SolutionProperties) = preSolution
		HideSolutionNode = FALSE
	EndGlobalSection
	GlobalSection(ExtensibilityGlobals) = postSolution
		SolutionGuid = {53B895B7-050E-4208-945C-A3491605C75C}
	EndGlobalSection
EndGlobal
