
Microsoft Visual Studio Solution File, Format Version 12.00
# Visual Studio Version 17
VisualStudioVersion = 17.13.35919.96 d17.13
MinimumVisualStudioVersion = 10.0.40219.1
Project("{FAE04EC0-301F-11D3-BF4B-00C04F79EFBC}") = "MongoApi", "MongoApi.csproj", "{F3F81882-202C-4E14-9628-09A612D03D03}"
EndProject
Global
	GlobalSection(SolutionConfigurationPlatforms) = preSolution
		Debug|Any CPU = Debug|Any CPU
		Release|Any CPU = Release|Any CPU
	EndGlobalSection
	GlobalSection(ProjectConfigurationPlatforms) = postSolution
		{F3F81882-202C-4E14-9628-09A612D03D03}.Debug|Any CPU.ActiveCfg = Debug|Any CPU
		{F3F81882-202C-4E14-9628-09A612D03D03}.Debug|Any CPU.Build.0 = Debug|Any CPU
		{F3F81882-202C-4E14-9628-09A612D03D03}.Release|Any CPU.ActiveCfg = Release|Any CPU
		{F3F81882-202C-4E14-9628-09A612D03D03}.Release|Any CPU.Build.0 = Release|Any CPU
	EndGlobalSection
	GlobalSection(SolutionProperties) = preSolution
		HideSolutionNode = FALSE
	EndGlobalSection
	GlobalSection(ExtensibilityGlobals) = postSolution
		SolutionGuid = {1F1B8B33-ED13-4885-B943-E2188973DE24}
	EndGlobalSection
EndGlobal
